
Microsoft Visual Studio Solution File, Format Version 12.00
# Visual Studio Version 17
VisualStudioVersion = 17.2.32630.192
MinimumVisualStudioVersion = 10.0.40219.1
Project("{FAE04EC0-301F-11D3-BF4B-00C04F79EFBC}") = "DotNetCoreRepositorywithEF", "DotNetCoreRepositorywithEF\DotNetCoreRepositorywithEF.csproj", "{B52C1681-83AC-47C0-8773-3C6EF677D0A6}"
EndProject
Global
	GlobalSection(SolutionConfigurationPlatforms) = preSolution
		Debug|Any CPU = Debug|Any CPU
		Release|Any CPU = Release|Any CPU
	EndGlobalSection
	GlobalSection(ProjectConfigurationPlatforms) = postSolution
		{B52C1681-83AC-47C0-8773-3C6EF677D0A6}.Debug|Any CPU.ActiveCfg = Debug|Any CPU
		{B52C1681-83AC-47C0-8773-3C6EF677D0A6}.Debug|Any CPU.Build.0 = Debug|Any CPU
		{B52C1681-83AC-47C0-8773-3C6EF677D0A6}.Release|Any CPU.ActiveCfg = Release|Any CPU
		{B52C1681-83AC-47C0-8773-3C6EF677D0A6}.Release|Any CPU.Build.0 = Release|Any CPU
	EndGlobalSection
	GlobalSection(SolutionProperties) = preSolution
		HideSolutionNode = FALSE
	EndGlobalSection
	GlobalSection(ExtensibilityGlobals) = postSolution
		SolutionGuid = {31AAC602-3FC2-459A-9513-76DA1662F11A}
	EndGlobalSection
EndGlobal
